
Microsoft Visual Studio Solution File, Format Version 12.00
# Visual Studio Version 16
VisualStudioVersion = 16.0.33214.272
MinimumVisualStudioVersion = 10.0.40219.1
Project("{FAE04EC0-301F-11D3-BF4B-00C04F79EFBC}") = "webapp", "webapp\webapp.csproj", "{6055968A-3AC2-4946-8D7D-7FDEBABC21DF}"
EndProject
Global
	GlobalSection(SolutionConfigurationPlatforms) = preSolution
		Debug|Any CPU = Debug|Any CPU
		Release|Any CPU = Release|Any CPU
	EndGlobalSection
	GlobalSection(ProjectConfigurationPlatforms) = postSolution
		{6055968A-3AC2-4946-8D7D-7FDEBABC21DF}.Debug|Any CPU.ActiveCfg = Debug|Any CPU
		{6055968A-3AC2-4946-8D7D-7FDEBABC21DF}.Debug|Any CPU.Build.0 = Debug|Any CPU
		{6055968A-3AC2-4946-8D7D-7FDEBABC21DF}.Release|Any CPU.ActiveCfg = Release|Any CPU
		{6055968A-3AC2-4946-8D7D-7FDEBABC21DF}.Release|Any CPU.Build.0 = Release|Any CPU
	EndGlobalSection
	GlobalSection(SolutionProperties) = preSolution
		HideSolutionNode = FALSE
	EndGlobalSection
	GlobalSection(ExtensibilityGlobals) = postSolution
		SolutionGuid = {9DAD9007-ED6B-46D0-B268-C3AE53F3DEFB}
	EndGlobalSection
EndGlobal
